
Microsoft Visual Studio Solution File, Format Version 12.00
# Visual Studio 15
VisualStudioVersion = 15.0.28010.2041
MinimumVisualStudioVersion = 10.0.40219.1
Project("{FAE04EC0-301F-11D3-BF4B-00C04F79EFBC}") = "Sheuchan", "Sheuchan\Sheuchan.csproj", "{76F20181-A2BE-4913-9C27-4EB2BC87997F}"
EndProject
Project("{2150E333-8FDC-42A3-9474-1A3956D46DE8}") = "Sheuchan.WCFServices", "Sheuchan.WCFServices", "{F17AA625-60E9-465A-ACF7-4AED6F63C13B}"
EndProject
Project("{2150E333-8FDC-42A3-9474-1A3956D46DE8}") = "Sheuchan.DataAccess", "Sheuchan.DataAccess", "{6867B3B8-AAC7-467D-B439-ED1B00ECB92D}"
EndProject
Global
	GlobalSection(SolutionConfigurationPlatforms) = preSolution
		Debug|Any CPU = Debug|Any CPU
		Release|Any CPU = Release|Any CPU
	EndGlobalSection
	GlobalSection(ProjectConfigurationPlatforms) = postSolution
		{76F20181-A2BE-4913-9C27-4EB2BC87997F}.Debug|Any CPU.ActiveCfg = Debug|Any CPU
		{76F20181-A2BE-4913-9C27-4EB2BC87997F}.Debug|Any CPU.Build.0 = Debug|Any CPU
		{76F20181-A2BE-4913-9C27-4EB2BC87997F}.Release|Any CPU.ActiveCfg = Release|Any CPU
		{76F20181-A2BE-4913-9C27-4EB2BC87997F}.Release|Any CPU.Build.0 = Release|Any CPU
	EndGlobalSection
	GlobalSection(SolutionProperties) = preSolution
		HideSolutionNode = FALSE
	EndGlobalSection
	GlobalSection(ExtensibilityGlobals) = postSolution
		SolutionGuid = {1A4563FE-253C-42A0-8238-BE75CFC9816D}
	EndGlobalSection
EndGlobal
